// !$*UTF8*$!
{
	archiveVersion = 1;
	classes = {
	};
	objectVersion = 56;
	objects = {

/* Begin PBXBuildFile section */
		8F2DE9452DA7105D00811697 /* web3swift in Frameworks */ = {isa = PBXBuildFile; productRef = 8F2DE9442DA7105D00811697 /* web3swift */; };
		8F2DE9472DA710AE00811697 /* SwiftCryptoWalletManager.swift in Sources */ = {isa = PBXBuildFile; fileRef = 8F2DE9462DA710AE00811697 /* SwiftCryptoWalletManager.swift */; };
		8F2DE9492DA81D6000811697 /* SwiftTunnelManager.swift in Sources */ = {isa = PBXBuildFile; fileRef = 8F2DE9482DA81D6000811697 /* SwiftTunnelManager.swift */; };
		8F2DE9502DA821A500811697 /* NetworkExtension.framework in Frameworks */ = {isa = PBXBuildFile; fileRef = 8F2DE94F2DA821A500811697 /* NetworkExtension.framework */; };
		8F2DE9532DA821A500811697 /* AppProxyProvider.swift in Sources */ = {isa = PBXBuildFile; fileRef = 8F2DE9522DA821A500811697 /* AppProxyProvider.swift */; };
		8F2DE9582DA821A500811697 /* WireGuardExtension.appex in Embed Foundation Extensions */ = {isa = PBXBuildFile; fileRef = 8F2DE94E2DA821A500811697 /* WireGuardExtension.appex */; settings = {ATTRIBUTES = (RemoveHeadersOnCopy, ); }; };
		8FAF03CB2D8A23F6007FA66F /* MainView.swift in Sources */ = {isa = PBXBuildFile; fileRef = 8FAF03CA2D8A23F6007FA66F /* MainView.swift */; };
		8FD211CB2D84AAAC00F0483A /* app_iosApp.swift in Sources */ = {isa = PBXBuildFile; fileRef = 8FD211CA2D84AAAC00F0483A /* app_iosApp.swift */; };
		8FD211CD2D84AAAC00F0483A /* ContentView.swift in Sources */ = {isa = PBXBuildFile; fileRef = 8FD211CC2D84AAAC00F0483A /* ContentView.swift */; };
		8FD211CF2D84AAAD00F0483A /* Assets.xcassets in Resources */ = {isa = PBXBuildFile; fileRef = 8FD211CE2D84AAAD00F0483A /* Assets.xcassets */; };
		8FD211D22D84AAAD00F0483A /* Preview Assets.xcassets in Resources */ = {isa = PBXBuildFile; fileRef = 8FD211D12D84AAAD00F0483A /* Preview Assets.xcassets */; };
		99D601E38AD073584F953E2C /* Pods_app_ios.framework in Frameworks */ = {isa = PBXBuildFile; fileRef = B02C0BCECEC7C95B54947098 /* Pods_app_ios.framework */; };
/* End PBXBuildFile section */

/* Begin PBXContainerItemProxy section */
		8F2DE9562DA821A500811697 /* PBXContainerItemProxy */ = {
			isa = PBXContainerItemProxy;
			containerPortal = 8FD211BF2D84AAAC00F0483A /* Project object */;
			proxyType = 1;
			remoteGlobalIDString = 8F2DE94D2DA821A500811697;
			remoteInfo = WireGuardExtension;
		};
/* End PBXContainerItemProxy section */

/* Begin PBXCopyFilesBuildPhase section */
		8F2DE9592DA821A500811697 /* Embed Foundation Extensions */ = {
			isa = PBXCopyFilesBuildPhase;
			buildActionMask = 2147483647;
			dstPath = "";
			dstSubfolderSpec = 13;
			files = (
				8F2DE9582DA821A500811697 /* WireGuardExtension.appex in Embed Foundation Extensions */,
			);
			name = "Embed Foundation Extensions";
			runOnlyForDeploymentPostprocessing = 0;
		};
/* End PBXCopyFilesBuildPhase section */

/* Begin PBXFileReference section */
		80AE0264F32CE6638CBC2D34 /* Pods-app-ios.debug.xcconfig */ = {isa = PBXFileReference; includeInIndex = 1; lastKnownFileType = text.xcconfig; name = "Pods-app-ios.debug.xcconfig"; path = "Target Support Files/Pods-app-ios/Pods-app-ios.debug.xcconfig"; sourceTree = "<group>"; };
		8F2DE9462DA710AE00811697 /* SwiftCryptoWalletManager.swift */ = {isa = PBXFileReference; lastKnownFileType = sourcecode.swift; path = SwiftCryptoWalletManager.swift; sourceTree = "<group>"; };
		8F2DE9482DA81D6000811697 /* SwiftTunnelManager.swift */ = {isa = PBXFileReference; lastKnownFileType = sourcecode.swift; path = SwiftTunnelManager.swift; sourceTree = "<group>"; };
		8F2DE94E2DA821A500811697 /* WireGuardExtension.appex */ = {isa = PBXFileReference; explicitFileType = "wrapper.app-extension"; includeInIndex = 0; path = WireGuardExtension.appex; sourceTree = BUILT_PRODUCTS_DIR; };
		8F2DE94F2DA821A500811697 /* NetworkExtension.framework */ = {isa = PBXFileReference; lastKnownFileType = wrapper.framework; name = NetworkExtension.framework; path = System/Library/Frameworks/NetworkExtension.framework; sourceTree = SDKROOT; };
		8F2DE9522DA821A500811697 /* AppProxyProvider.swift */ = {isa = PBXFileReference; lastKnownFileType = sourcecode.swift; path = AppProxyProvider.swift; sourceTree = "<group>"; };
		8F2DE9542DA821A500811697 /* Info.plist */ = {isa = PBXFileReference; lastKnownFileType = text.plist.xml; path = Info.plist; sourceTree = "<group>"; };
		8F2DE9552DA821A500811697 /* WireGuardExtension.entitlements */ = {isa = PBXFileReference; lastKnownFileType = text.plist.entitlements; path = WireGuardExtension.entitlements; sourceTree = "<group>"; };
		8F2DE95D2DA826A700811697 /* app-ios.entitlements */ = {isa = PBXFileReference; lastKnownFileType = text.plist.entitlements; path = "app-ios.entitlements"; sourceTree = "<group>"; };
		8FA980F92DA6BEB100F9368F /* Info.plist */ = {isa = PBXFileReference; lastKnownFileType = text.plist; path = Info.plist; sourceTree = "<group>"; };
		8FAF03CA2D8A23F6007FA66F /* MainView.swift */ = {isa = PBXFileReference; lastKnownFileType = sourcecode.swift; path = MainView.swift; sourceTree = "<group>"; };
		8FD211C72D84AAAC00F0483A /* app-ios.app */ = {isa = PBXFileReference; explicitFileType = wrapper.application; includeInIndex = 0; path = "app-ios.app"; sourceTree = BUILT_PRODUCTS_DIR; };
		8FD211CA2D84AAAC00F0483A /* app_iosApp.swift */ = {isa = PBXFileReference; lastKnownFileType = sourcecode.swift; path = app_iosApp.swift; sourceTree = "<group>"; };
		8FD211CC2D84AAAC00F0483A /* ContentView.swift */ = {isa = PBXFileReference; lastKnownFileType = sourcecode.swift; path = ContentView.swift; sourceTree = "<group>"; };
		8FD211CE2D84AAAD00F0483A /* Assets.xcassets */ = {isa = PBXFileReference; lastKnownFileType = folder.assetcatalog; path = Assets.xcassets; sourceTree = "<group>"; };
		8FD211D12D84AAAD00F0483A /* Preview Assets.xcassets */ = {isa = PBXFileReference; lastKnownFileType = folder.assetcatalog; path = "Preview Assets.xcassets"; sourceTree = "<group>"; };
		B02C0BCECEC7C95B54947098 /* Pods_app_ios.framework */ = {isa = PBXFileReference; explicitFileType = wrapper.framework; includeInIndex = 0; path = Pods_app_ios.framework; sourceTree = BUILT_PRODUCTS_DIR; };
		E7939E821D9E9B4CFD424D23 /* Pods-app-ios.release.xcconfig */ = {isa = PBXFileReference; includeInIndex = 1; lastKnownFileType = text.xcconfig; name = "Pods-app-ios.release.xcconfig"; path = "Target Support Files/Pods-app-ios/Pods-app-ios.release.xcconfig"; sourceTree = "<group>"; };
/* End PBXFileReference section */

/* Begin PBXFrameworksBuildPhase section */
		8F2DE94B2DA821A500811697 /* Frameworks */ = {
			isa = PBXFrameworksBuildPhase;
			buildActionMask = 2147483647;
			files = (
				8F2DE9502DA821A500811697 /* NetworkExtension.framework in Frameworks */,
			);
			runOnlyForDeploymentPostprocessing = 0;
		};
		8FD211C42D84AAAC00F0483A /* Frameworks */ = {
			isa = PBXFrameworksBuildPhase;
			buildActionMask = 2147483647;
			files = (
				99D601E38AD073584F953E2C /* Pods_app_ios.framework in Frameworks */,
				8F2DE9452DA7105D00811697 /* web3swift in Frameworks */,
			);
			runOnlyForDeploymentPostprocessing = 0;
		};
/* End PBXFrameworksBuildPhase section */

/* Begin PBXGroup section */
		4BF5D99BA3BADFDEDFC45C58 /* Pods */ = {
			isa = PBXGroup;
			children = (
				80AE0264F32CE6638CBC2D34 /* Pods-app-ios.debug.xcconfig */,
				E7939E821D9E9B4CFD424D23 /* Pods-app-ios.release.xcconfig */,
			);
			path = Pods;
			sourceTree = "<group>";
		};
		78518D155934BB7CCA8999CF /* Frameworks */ = {
			isa = PBXGroup;
			children = (
				B02C0BCECEC7C95B54947098 /* Pods_app_ios.framework */,
				8F2DE94F2DA821A500811697 /* NetworkExtension.framework */,
			);
			name = Frameworks;
			sourceTree = "<group>";
		};
		8F2DE9512DA821A500811697 /* WireGuardExtension */ = {
			isa = PBXGroup;
			children = (
				8F2DE9522DA821A500811697 /* AppProxyProvider.swift */,
				8F2DE9542DA821A500811697 /* Info.plist */,
				8F2DE9552DA821A500811697 /* WireGuardExtension.entitlements */,
			);
			path = WireGuardExtension;
			sourceTree = "<group>";
		};
		8FD211BE2D84AAAC00F0483A = {
			isa = PBXGroup;
			children = (
				8FD211C92D84AAAC00F0483A /* app-ios */,
				8F2DE9512DA821A500811697 /* WireGuardExtension */,
				8FD211C82D84AAAC00F0483A /* Products */,
				4BF5D99BA3BADFDEDFC45C58 /* Pods */,
				78518D155934BB7CCA8999CF /* Frameworks */,
			);
			sourceTree = "<group>";
		};
		8FD211C82D84AAAC00F0483A /* Products */ = {
			isa = PBXGroup;
			children = (
				8FD211C72D84AAAC00F0483A /* app-ios.app */,
				8F2DE94E2DA821A500811697 /* WireGuardExtension.appex */,
			);
			name = Products;
			sourceTree = "<group>";
		};
		8FD211C92D84AAAC00F0483A /* app-ios */ = {
			isa = PBXGroup;
			children = (
				8FA980F92DA6BEB100F9368F /* Info.plist */,
				8FD211CA2D84AAAC00F0483A /* app_iosApp.swift */,
				8FD211CC2D84AAAC00F0483A /* ContentView.swift */,
				8FD211CE2D84AAAD00F0483A /* Assets.xcassets */,
				8FD211D02D84AAAD00F0483A /* Preview Content */,
				8FAF03CA2D8A23F6007FA66F /* MainView.swift */,
				8F2DE9462DA710AE00811697 /* SwiftCryptoWalletManager.swift */,
				8F2DE9482DA81D6000811697 /* SwiftTunnelManager.swift */,
				8F2DE95D2DA826A700811697 /* app-ios.entitlements */,
			);
			path = "app-ios";
			sourceTree = "<group>";
		};
		8FD211D02D84AAAD00F0483A /* Preview Content */ = {
			isa = PBXGroup;
			children = (
				8FD211D12D84AAAD00F0483A /* Preview Assets.xcassets */,
			);
			path = "Preview Content";
			sourceTree = "<group>";
		};
/* End PBXGroup section */

/* Begin PBXNativeTarget section */
		8F2DE94D2DA821A500811697 /* WireGuardExtension */ = {
			isa = PBXNativeTarget;
			buildConfigurationList = 8F2DE95C2DA821A500811697 /* Build configuration list for PBXNativeTarget "WireGuardExtension" */;
			buildPhases = (
				8F2DE94A2DA821A500811697 /* Sources */,
				8F2DE94B2DA821A500811697 /* Frameworks */,
				8F2DE94C2DA821A500811697 /* Resources */,
			);
			buildRules = (
			);
			dependencies = (
			);
			name = WireGuardExtension;
			productName = WireGuardExtension;
			productReference = 8F2DE94E2DA821A500811697 /* WireGuardExtension.appex */;
			productType = "com.apple.product-type.app-extension";
		};
		8FD211C62D84AAAC00F0483A /* app-ios */ = {
			isa = PBXNativeTarget;
			buildConfigurationList = 8FD211D52D84AAAD00F0483A /* Build configuration list for PBXNativeTarget "app-ios" */;
			buildPhases = (
				12226EE20FE70FC8D3B9B0AA /* [CP] Check Pods Manifest.lock */,
				8FD211C32D84AAAC00F0483A /* Sources */,
				8FD211C42D84AAAC00F0483A /* Frameworks */,
				8FD211C52D84AAAC00F0483A /* Resources */,
				8E70034544F1204B7D7C7EA5 /* [CP] Copy Pods Resources */,
				4ED425014EA133F2C90A51B2 /* [CP] Embed Pods Frameworks */,
				8F2DE9592DA821A500811697 /* Embed Foundation Extensions */,
			);
			buildRules = (
			);
			dependencies = (
				8F2DE9572DA821A500811697 /* PBXTargetDependency */,
			);
			name = "app-ios";
			packageProductDependencies = (
				8F2DE9442DA7105D00811697 /* web3swift */,
			);
			productName = "app-ios";
			productReference = 8FD211C72D84AAAC00F0483A /* app-ios.app */;
			productType = "com.apple.product-type.application";
		};
/* End PBXNativeTarget section */

/* Begin PBXProject section */
		8FD211BF2D84AAAC00F0483A /* Project object */ = {
			isa = PBXProject;
			attributes = {
				BuildIndependentTargetsInParallel = 1;
				LastSwiftUpdateCheck = 1500;
				LastUpgradeCheck = 1500;
				TargetAttributes = {
					8F2DE94D2DA821A500811697 = {
						CreatedOnToolsVersion = 15.0.1;
					};
					8FD211C62D84AAAC00F0483A = {
						CreatedOnToolsVersion = 15.0.1;
					};
				};
			};
			buildConfigurationList = 8FD211C22D84AAAC00F0483A /* Build configuration list for PBXProject "app-ios" */;
			compatibilityVersion = "Xcode 14.0";
			developmentRegion = en;
			hasScannedForEncodings = 0;
			knownRegions = (
				en,
				Base,
			);
			mainGroup = 8FD211BE2D84AAAC00F0483A;
			packageReferences = (
				8F2DE9432DA7105D00811697 /* XCRemoteSwiftPackageReference "web3swift" */,
			);
			productRefGroup = 8FD211C82D84AAAC00F0483A /* Products */;
			projectDirPath = "";
			projectRoot = "";
			targets = (
				8FD211C62D84AAAC00F0483A /* app-ios */,
				8F2DE94D2DA821A500811697 /* WireGuardExtension */,
			);
		};
/* End PBXProject section */

/* Begin PBXResourcesBuildPhase section */
		8F2DE94C2DA821A500811697 /* Resources */ = {
			isa = PBXResourcesBuildPhase;
			buildActionMask = 2147483647;
			files = (
			);
			runOnlyForDeploymentPostprocessing = 0;
		};
		8FD211C52D84AAAC00F0483A /* Resources */ = {
			isa = PBXResourcesBuildPhase;
			buildActionMask = 2147483647;
			files = (
				8FD211D22D84AAAD00F0483A /* Preview Assets.xcassets in Resources */,
				8FD211CF2D84AAAD00F0483A /* Assets.xcassets in Resources */,
			);
			runOnlyForDeploymentPostprocessing = 0;
		};
/* End PBXResourcesBuildPhase section */

/* Begin PBXShellScriptBuildPhase section */
		12226EE20FE70FC8D3B9B0AA /* [CP] Check Pods Manifest.lock */ = {
			isa = PBXShellScriptBuildPhase;
			buildActionMask = 2147483647;
			files = (
			);
			inputFileListPaths = (
			);
			inputPaths = (
				"${PODS_PODFILE_DIR_PATH}/Podfile.lock",
				"${PODS_ROOT}/Manifest.lock",
			);
			name = "[CP] Check Pods Manifest.lock";
			outputFileListPaths = (
			);
			outputPaths = (
				"$(DERIVED_FILE_DIR)/Pods-app-ios-checkManifestLockResult.txt",
			);
			runOnlyForDeploymentPostprocessing = 0;
			shellPath = /bin/sh;
			shellScript = "diff \"${PODS_PODFILE_DIR_PATH}/Podfile.lock\" \"${PODS_ROOT}/Manifest.lock\" > /dev/null\nif [ $? != 0 ] ; then\n    # print error to STDERR\n    echo \"error: The sandbox is not in sync with the Podfile.lock. Run 'pod install' or update your CocoaPods installation.\" >&2\n    exit 1\nfi\n# This output is used by Xcode 'outputs' to avoid re-running this script phase.\necho \"SUCCESS\" > \"${SCRIPT_OUTPUT_FILE_0}\"\n";
			showEnvVarsInLog = 0;
		};
		4ED425014EA133F2C90A51B2 /* [CP] Embed Pods Frameworks */ = {
			isa = PBXShellScriptBuildPhase;
			buildActionMask = 2147483647;
			files = (
			);
			inputFileListPaths = (
				"${PODS_ROOT}/Target Support Files/Pods-app-ios/Pods-app-ios-frameworks-${CONFIGURATION}-input-files.xcfilelist",
			);
			name = "[CP] Embed Pods Frameworks";
			outputFileListPaths = (
				"${PODS_ROOT}/Target Support Files/Pods-app-ios/Pods-app-ios-frameworks-${CONFIGURATION}-output-files.xcfilelist",
			);
			runOnlyForDeploymentPostprocessing = 0;
			shellPath = /bin/sh;
			shellScript = "\"${PODS_ROOT}/Target Support Files/Pods-app-ios/Pods-app-ios-frameworks.sh\"\n";
			showEnvVarsInLog = 0;
		};
		8E70034544F1204B7D7C7EA5 /* [CP] Copy Pods Resources */ = {
			isa = PBXShellScriptBuildPhase;
			buildActionMask = 2147483647;
			files = (
			);
			inputFileListPaths = (
				"${PODS_ROOT}/Target Support Files/Pods-app-ios/Pods-app-ios-resources-${CONFIGURATION}-input-files.xcfilelist",
			);
			name = "[CP] Copy Pods Resources";
			outputFileListPaths = (
				"${PODS_ROOT}/Target Support Files/Pods-app-ios/Pods-app-ios-resources-${CONFIGURATION}-output-files.xcfilelist",
			);
			runOnlyForDeploymentPostprocessing = 0;
			shellPath = /bin/sh;
			shellScript = "\"${PODS_ROOT}/Target Support Files/Pods-app-ios/Pods-app-ios-resources.sh\"\n";
			showEnvVarsInLog = 0;
		};
/* End PBXShellScriptBuildPhase section */

/* Begin PBXSourcesBuildPhase section */
		8F2DE94A2DA821A500811697 /* Sources */ = {
			isa = PBXSourcesBuildPhase;
			buildActionMask = 2147483647;
			files = (
				8F2DE9532DA821A500811697 /* AppProxyProvider.swift in Sources */,
			);
			runOnlyForDeploymentPostprocessing = 0;
		};
		8FD211C32D84AAAC00F0483A /* Sources */ = {
			isa = PBXSourcesBuildPhase;
			buildActionMask = 2147483647;
			files = (
				8FD211CD2D84AAAC00F0483A /* ContentView.swift in Sources */,
				8FAF03CB2D8A23F6007FA66F /* MainView.swift in Sources */,
				8F2DE9492DA81D6000811697 /* SwiftTunnelManager.swift in Sources */,
				8FD211CB2D84AAAC00F0483A /* app_iosApp.swift in Sources */,
				8F2DE9472DA710AE00811697 /* SwiftCryptoWalletManager.swift in Sources */,
			);
			runOnlyForDeploymentPostprocessing = 0;
		};
/* End PBXSourcesBuildPhase section */

/* Begin PBXTargetDependency section */
		8F2DE9572DA821A500811697 /* PBXTargetDependency */ = {
			isa = PBXTargetDependency;
			target = 8F2DE94D2DA821A500811697 /* WireGuardExtension */;
			targetProxy = 8F2DE9562DA821A500811697 /* PBXContainerItemProxy */;
		};
/* End PBXTargetDependency section */

/* Begin XCBuildConfiguration section */
		8F2DE95A2DA821A500811697 /* Debug */ = {
			isa = XCBuildConfiguration;
			buildSettings = {
				CODE_SIGN_ENTITLEMENTS = WireGuardExtension/WireGuardExtension.entitlements;
				CODE_SIGN_STYLE = Automatic;
				CURRENT_PROJECT_VERSION = 1;
				GENERATE_INFOPLIST_FILE = YES;
				INFOPLIST_FILE = WireGuardExtension/Info.plist;
				INFOPLIST_KEY_CFBundleDisplayName = WireGuardExtension;
				INFOPLIST_KEY_NSHumanReadableCopyright = "";
				LD_RUNPATH_SEARCH_PATHS = (
					"$(inherited)",
					"@executable_path/Frameworks",
					"@executable_path/../../Frameworks",
				);
				MARKETING_VERSION = 1.0;
				PRODUCT_BUNDLE_IDENTIFIER = "com.mooncloak.vpn.app-ios.WireGuardExtension";
				PRODUCT_NAME = "$(TARGET_NAME)";
				SKIP_INSTALL = YES;
				SWIFT_EMIT_LOC_STRINGS = YES;
				SWIFT_VERSION = 5.0;
				TARGETED_DEVICE_FAMILY = "1,2";
			};
			name = Debug;
		};
		8F2DE95B2DA821A500811697 /* Release */ = {
			isa = XCBuildConfiguration;
			buildSettings = {
				CODE_SIGN_ENTITLEMENTS = WireGuardExtension/WireGuardExtension.entitlements;
				CODE_SIGN_STYLE = Automatic;
				CURRENT_PROJECT_VERSION = 1;
				GENERATE_INFOPLIST_FILE = YES;
				INFOPLIST_FILE = WireGuardExtension/Info.plist;
				INFOPLIST_KEY_CFBundleDisplayName = WireGuardExtension;
				INFOPLIST_KEY_NSHumanReadableCopyright = "";
				LD_RUNPATH_SEARCH_PATHS = (
					"$(inherited)",
					"@executable_path/Frameworks",
					"@executable_path/../../Frameworks",
				);
				MARKETING_VERSION = 1.0;
				PRODUCT_BUNDLE_IDENTIFIER = "com.mooncloak.vpn.app-ios.WireGuardExtension";
				PRODUCT_NAME = "$(TARGET_NAME)";
				SKIP_INSTALL = YES;
				SWIFT_EMIT_LOC_STRINGS = YES;
				SWIFT_VERSION = 5.0;
				TARGETED_DEVICE_FAMILY = "1,2";
			};
			name = Release;
		};
		8FD211D32D84AAAD00F0483A /* Debug */ = {
			isa = XCBuildConfiguration;
			buildSettings = {
				ALWAYS_SEARCH_USER_PATHS = NO;
				ASSETCATALOG_COMPILER_GENERATE_SWIFT_ASSET_SYMBOL_EXTENSIONS = YES;
				CLANG_ANALYZER_NONNULL = YES;
				CLANG_ANALYZER_NUMBER_OBJECT_CONVERSION = YES_AGGRESSIVE;
				CLANG_CXX_LANGUAGE_STANDARD = "gnu++20";
				CLANG_ENABLE_MODULES = YES;
				CLANG_ENABLE_OBJC_ARC = YES;
				CLANG_ENABLE_OBJC_WEAK = YES;
				CLANG_WARN_BLOCK_CAPTURE_AUTORELEASING = YES;
				CLANG_WARN_BOOL_CONVERSION = YES;
				CLANG_WARN_COMMA = YES;
				CLANG_WARN_CONSTANT_CONVERSION = YES;
				CLANG_WARN_DEPRECATED_OBJC_IMPLEMENTATIONS = YES;
				CLANG_WARN_DIRECT_OBJC_ISA_USAGE = YES_ERROR;
				CLANG_WARN_DOCUMENTATION_COMMENTS = YES;
				CLANG_WARN_EMPTY_BODY = YES;
				CLANG_WARN_ENUM_CONVERSION = YES;
				CLANG_WARN_INFINITE_RECURSION = YES;
				CLANG_WARN_INT_CONVERSION = YES;
				CLANG_WARN_NON_LITERAL_NULL_CONVERSION = YES;
				CLANG_WARN_OBJC_IMPLICIT_RETAIN_SELF = YES;
				CLANG_WARN_OBJC_LITERAL_CONVERSION = YES;
				CLANG_WARN_OBJC_ROOT_CLASS = YES_ERROR;
				CLANG_WARN_QUOTED_INCLUDE_IN_FRAMEWORK_HEADER = YES;
				CLANG_WARN_RANGE_LOOP_ANALYSIS = YES;
				CLANG_WARN_STRICT_PROTOTYPES = YES;
				CLANG_WARN_SUSPICIOUS_MOVE = YES;
				CLANG_WARN_UNGUARDED_AVAILABILITY = YES_AGGRESSIVE;
				CLANG_WARN_UNREACHABLE_CODE = YES;
				CLANG_WARN__DUPLICATE_METHOD_MATCH = YES;
				COPY_PHASE_STRIP = NO;
				DEBUG_INFORMATION_FORMAT = dwarf;
				ENABLE_STRICT_OBJC_MSGSEND = YES;
				ENABLE_TESTABILITY = YES;
				ENABLE_USER_SCRIPT_SANDBOXING = YES;
				GCC_C_LANGUAGE_STANDARD = gnu17;
				GCC_DYNAMIC_NO_PIC = NO;
				GCC_NO_COMMON_BLOCKS = YES;
				GCC_OPTIMIZATION_LEVEL = 0;
				GCC_PREPROCESSOR_DEFINITIONS = (
					"DEBUG=1",
					"$(inherited)",
				);
				GCC_WARN_64_TO_32_BIT_CONVERSION = YES;
				GCC_WARN_ABOUT_RETURN_TYPE = YES_ERROR;
				GCC_WARN_UNDECLARED_SELECTOR = YES;
				GCC_WARN_UNINITIALIZED_AUTOS = YES_AGGRESSIVE;
				GCC_WARN_UNUSED_FUNCTION = YES;
				GCC_WARN_UNUSED_VARIABLE = YES;
				IPHONEOS_DEPLOYMENT_TARGET = 17.0;
				LOCALIZATION_PREFERS_STRING_CATALOGS = YES;
				MTL_ENABLE_DEBUG_INFO = INCLUDE_SOURCE;
				MTL_FAST_MATH = YES;
				ONLY_ACTIVE_ARCH = YES;
				SDKROOT = iphoneos;
				SWIFT_ACTIVE_COMPILATION_CONDITIONS = "DEBUG $(inherited)";
				SWIFT_OPTIMIZATION_LEVEL = "-Onone";
			};
			name = Debug;
		};
		8FD211D42D84AAAD00F0483A /* Release */ = {
			isa = XCBuildConfiguration;
			buildSettings = {
				ALWAYS_SEARCH_USER_PATHS = NO;
				ASSETCATALOG_COMPILER_GENERATE_SWIFT_ASSET_SYMBOL_EXTENSIONS = YES;
				CLANG_ANALYZER_NONNULL = YES;
				CLANG_ANALYZER_NUMBER_OBJECT_CONVERSION = YES_AGGRESSIVE;
				CLANG_CXX_LANGUAGE_STANDARD = "gnu++20";
				CLANG_ENABLE_MODULES = YES;
				CLANG_ENABLE_OBJC_ARC = YES;
				CLANG_ENABLE_OBJC_WEAK = YES;
				CLANG_WARN_BLOCK_CAPTURE_AUTORELEASING = YES;
				CLANG_WARN_BOOL_CONVERSION = YES;
				CLANG_WARN_COMMA = YES;
				CLANG_WARN_CONSTANT_CONVERSION = YES;
				CLANG_WARN_DEPRECATED_OBJC_IMPLEMENTATIONS = YES;
				CLANG_WARN_DIRECT_OBJC_ISA_USAGE = YES_ERROR;
				CLANG_WARN_DOCUMENTATION_COMMENTS = YES;
				CLANG_WARN_EMPTY_BODY = YES;
				CLANG_WARN_ENUM_CONVERSION = YES;
				CLANG_WARN_INFINITE_RECURSION = YES;
				CLANG_WARN_INT_CONVERSION = YES;
				CLANG_WARN_NON_LITERAL_NULL_CONVERSION = YES;
				CLANG_WARN_OBJC_IMPLICIT_RETAIN_SELF = YES;
				CLANG_WARN_OBJC_LITERAL_CONVERSION = YES;
				CLANG_WARN_OBJC_ROOT_CLASS = YES_ERROR;
				CLANG_WARN_QUOTED_INCLUDE_IN_FRAMEWORK_HEADER = YES;
				CLANG_WARN_RANGE_LOOP_ANALYSIS = YES;
				CLANG_WARN_STRICT_PROTOTYPES = YES;
				CLANG_WARN_SUSPICIOUS_MOVE = YES;
				CLANG_WARN_UNGUARDED_AVAILABILITY = YES_AGGRESSIVE;
				CLANG_WARN_UNREACHABLE_CODE = YES;
				CLANG_WARN__DUPLICATE_METHOD_MATCH = YES;
				COPY_PHASE_STRIP = NO;
				DEBUG_INFORMATION_FORMAT = "dwarf-with-dsym";
				ENABLE_NS_ASSERTIONS = NO;
				ENABLE_STRICT_OBJC_MSGSEND = YES;
				ENABLE_USER_SCRIPT_SANDBOXING = YES;
				GCC_C_LANGUAGE_STANDARD = gnu17;
				GCC_NO_COMMON_BLOCKS = YES;
				GCC_WARN_64_TO_32_BIT_CONVERSION = YES;
				GCC_WARN_ABOUT_RETURN_TYPE = YES_ERROR;
				GCC_WARN_UNDECLARED_SELECTOR = YES;
				GCC_WARN_UNINITIALIZED_AUTOS = YES_AGGRESSIVE;
				GCC_WARN_UNUSED_FUNCTION = YES;
				GCC_WARN_UNUSED_VARIABLE = YES;
				IPHONEOS_DEPLOYMENT_TARGET = 17.0;
				LOCALIZATION_PREFERS_STRING_CATALOGS = YES;
				MTL_ENABLE_DEBUG_INFO = NO;
				MTL_FAST_MATH = YES;
				SDKROOT = iphoneos;
				SWIFT_COMPILATION_MODE = wholemodule;
				VALIDATE_PRODUCT = YES;
			};
			name = Release;
		};
		8FD211D62D84AAAD00F0483A /* Debug */ = {
			isa = XCBuildConfiguration;
			baseConfigurationReference = 80AE0264F32CE6638CBC2D34 /* Pods-app-ios.debug.xcconfig */;
			buildSettings = {
				ALWAYS_EMBED_SWIFT_STANDARD_LIBRARIES = YES;
				ASSETCATALOG_COMPILER_APPICON_NAME = AppIcon;
				ASSETCATALOG_COMPILER_GLOBAL_ACCENT_COLOR_NAME = AccentColor;
				CODE_SIGN_ENTITLEMENTS = "app-ios/app-ios.entitlements";
				CODE_SIGN_STYLE = Automatic;
				CURRENT_PROJECT_VERSION = 1;
				DEVELOPMENT_ASSET_PATHS = "\"app-ios/Preview Content\"";
				DEVELOPMENT_TEAM = "";
				ENABLE_PREVIEWS = YES;
				GENERATE_INFOPLIST_FILE = YES;
				INFOPLIST_FILE = "app-ios/Info.plist";
				INFOPLIST_KEY_CFBundleDisplayName = "mooncloak VPN";
				INFOPLIST_KEY_UIApplicationSceneManifest_Generation = YES;
				INFOPLIST_KEY_UIApplicationSupportsIndirectInputEvents = YES;
				INFOPLIST_KEY_UILaunchScreen_Generation = YES;
				INFOPLIST_KEY_UISupportedInterfaceOrientations_iPad = "UIInterfaceOrientationPortrait UIInterfaceOrientationPortraitUpsideDown UIInterfaceOrientationLandscapeLeft UIInterfaceOrientationLandscapeRight";
				INFOPLIST_KEY_UISupportedInterfaceOrientations_iPhone = "UIInterfaceOrientationPortrait UIInterfaceOrientationLandscapeLeft UIInterfaceOrientationLandscapeRight";
				LD_RUNPATH_SEARCH_PATHS = (
					"$(inherited)",
					"@executable_path/Frameworks",
				);
				MARKETING_VERSION = 1.0;
				OTHER_LDFLAGS = (
					"$(inherited)",
					"-ObjC",
					"-l\"c++\"",
					"-framework",
					"\"app_shared\"",
					"-lsqlite3",
				);
				PRODUCT_BUNDLE_IDENTIFIER = "com.mooncloak.vpn.app-ios";
				PRODUCT_NAME = "$(TARGET_NAME)";
				SWIFT_EMIT_LOC_STRINGS = YES;
				SWIFT_VERSION = 5.0;
				TARGETED_DEVICE_FAMILY = "1,2";
			};
			name = Debug;
		};
		8FD211D72D84AAAD00F0483A /* Release */ = {
			isa = XCBuildConfiguration;
			baseConfigurationReference = E7939E821D9E9B4CFD424D23 /* Pods-app-ios.release.xcconfig */;
			buildSettings = {
				ALWAYS_EMBED_SWIFT_STANDARD_LIBRARIES = YES;
				ASSETCATALOG_COMPILER_APPICON_NAME = AppIcon;
				ASSETCATALOG_COMPILER_GLOBAL_ACCENT_COLOR_NAME = AccentColor;
				CODE_SIGN_ENTITLEMENTS = "app-ios/app-ios.entitlements";
				CODE_SIGN_STYLE = Automatic;
				CURRENT_PROJECT_VERSION = 1;
				DEVELOPMENT_ASSET_PATHS = "\"app-ios/Preview Content\"";
				DEVELOPMENT_TEAM = "";
				ENABLE_PREVIEWS = YES;
				GENERATE_INFOPLIST_FILE = YES;
				INFOPLIST_FILE = "app-ios/Info.plist";
				INFOPLIST_KEY_CFBundleDisplayName = "mooncloak VPN";
				INFOPLIST_KEY_UIApplicationSceneManifest_Generation = YES;
				INFOPLIST_KEY_UIApplicationSupportsIndirectInputEvents = YES;
				INFOPLIST_KEY_UILaunchScreen_Generation = YES;
				INFOPLIST_KEY_UISupportedInterfaceOrientations_iPad = "UIInterfaceOrientationPortrait UIInterfaceOrientationPortraitUpsideDown UIInterfaceOrientationLandscapeLeft UIInterfaceOrientationLandscapeRight";
				INFOPLIST_KEY_UISupportedInterfaceOrientations_iPhone = "UIInterfaceOrientationPortrait UIInterfaceOrientationLandscapeLeft UIInterfaceOrientationLandscapeRight";
				LD_RUNPATH_SEARCH_PATHS = (
					"$(inherited)",
					"@executable_path/Frameworks",
				);
				MARKETING_VERSION = 1.0;
				OTHER_LDFLAGS = (
					"$(inherited)",
					"-ObjC",
					"-l\"c++\"",
					"-framework",
					"\"app_shared\"",
					"-lsqlite3",
				);
				PRODUCT_BUNDLE_IDENTIFIER = "com.mooncloak.vpn.app-ios";
				PRODUCT_NAME = "$(TARGET_NAME)";
				SWIFT_EMIT_LOC_STRINGS = YES;
				SWIFT_VERSION = 5.0;
				TARGETED_DEVICE_FAMILY = "1,2";
			};
			name = Release;
		};
/* End XCBuildConfiguration section */

/* Begin XCConfigurationList section */
		8F2DE95C2DA821A500811697 /* Build configuration list for PBXNativeTarget "WireGuardExtension" */ = {
			isa = XCConfigurationList;
			buildConfigurations = (
				8F2DE95A2DA821A500811697 /* Debug */,
				8F2DE95B2DA821A500811697 /* Release */,
			);
			defaultConfigurationIsVisible = 0;
			defaultConfigurationName = Release;
		};
		8FD211C22D84AAAC00F0483A /* Build configuration list for PBXProject "app-ios" */ = {
			isa = XCConfigurationList;
			buildConfigurations = (
				8FD211D32D84AAAD00F0483A /* Debug */,
				8FD211D42D84AAAD00F0483A /* Release */,
			);
			defaultConfigurationIsVisible = 0;
			defaultConfigurationName = Release;
		};
		8FD211D52D84AAAD00F0483A /* Build configuration list for PBXNativeTarget "app-ios" */ = {
			isa = XCConfigurationList;
			buildConfigurations = (
				8FD211D62D84AAAD00F0483A /* Debug */,
				8FD211D72D84AAAD00F0483A /* Release */,
			);
			defaultConfigurationIsVisible = 0;
			defaultConfigurationName = Release;
		};
/* End XCConfigurationList section */

/* Begin XCRemoteSwiftPackageReference section */
		8F2DE9432DA7105D00811697 /* XCRemoteSwiftPackageReference "web3swift" */ = {
			isa = XCRemoteSwiftPackageReference;
			repositoryURL = "https://github.com/web3swift-team/web3swift.git";
			requirement = {
				kind = upToNextMajorVersion;
				minimumVersion = 3.3.0;
			};
		};
/* End XCRemoteSwiftPackageReference section */

/* Begin XCSwiftPackageProductDependency section */
		8F2DE9442DA7105D00811697 /* web3swift */ = {
			isa = XCSwiftPackageProductDependency;
			package = 8F2DE9432DA7105D00811697 /* XCRemoteSwiftPackageReference "web3swift" */;
			productName = web3swift;
		};
/* End XCSwiftPackageProductDependency section */
	};
	rootObject = 8FD211BF2D84AAAC00F0483A /* Project object */;
}
